
Microsoft Visual Studio Solution File, Format Version 12.00
# Visual Studio 15
VisualStudioVersion = 15.0.28307.902
MinimumVisualStudioVersion = 10.0.40219.1
Project("{FAE04EC0-301F-11D3-BF4B-00C04F79EFBC}") = "App1.Android", "App1\App1.Android\App1.Android.csproj", "{3E80D8B1-FAA4-4E77-A369-3CDB3AFD7E0D}"
EndProject
Project("{FAE04EC0-301F-11D3-BF4B-00C04F79EFBC}") = "App1.iOS", "App1\App1.iOS\App1.iOS.csproj", "{78566DAD-D6CF-4996-A9F2-A4982418DFDC}"
EndProject
Project("{FAE04EC0-301F-11D3-BF4B-00C04F79EFBC}") = "App1.UWP", "App1\App1.UWP\App1.UWP.csproj", "{E7F7F391-86F0-4D26-AD84-59FCEFE95FC7}"
EndProject
Project("{FAE04EC0-301F-11D3-BF4B-00C04F79EFBC}") = "App1", "App1\App1\App1.csproj", "{1AD34CC1-818D-4A34-AC10-0E6F71D98DBE}"
EndProject
Global
	GlobalSection(SolutionConfigurationPlatforms) = preSolution
		Ad-Hoc|Any CPU = Ad-Hoc|Any CPU
		Ad-Hoc|ARM = Ad-Hoc|ARM
		Ad-Hoc|iPhone = Ad-Hoc|iPhone
		Ad-Hoc|iPhoneSimulator = Ad-Hoc|iPhoneSimulator
		Ad-Hoc|x64 = Ad-Hoc|x64
		Ad-Hoc|x86 = Ad-Hoc|x86
		AppStore|Any CPU = AppStore|Any CPU
		AppStore|ARM = AppStore|ARM
		AppStore|iPhone = AppStore|iPhone
		AppStore|iPhoneSimulator = AppStore|iPhoneSimulator
		AppStore|x64 = AppStore|x64
		AppStore|x86 = AppStore|x86
		Debug|Any CPU = Debug|Any CPU
		Debug|ARM = Debug|ARM
		Debug|iPhone = Debug|iPhone
		Debug|iPhoneSimulator = Debug|iPhoneSimulator
		Debug|x64 = Debug|x64
		Debug|x86 = Debug|x86
		Release|Any CPU = Release|Any CPU
		Release|ARM = Release|ARM
		Release|iPhone = Release|iPhone
		Release|iPhoneSimulator = Release|iPhoneSimulator
		Release|x64 = Release|x64
		Release|x86 = Release|x86
	EndGlobalSection
	GlobalSection(ProjectConfigurationPlatforms) = postSolution
		{3E80D8B1-FAA4-4E77-A369-3CDB3AFD7E0D}.Ad-Hoc|Any CPU.ActiveCfg = Release|Any CPU
		{3E80D8B1-FAA4-4E77-A369-3CDB3AFD7E0D}.Ad-Hoc|Any CPU.Build.0 = Release|Any CPU
		{3E80D8B1-FAA4-4E77-A369-3CDB3AFD7E0D}.Ad-Hoc|Any CPU.Deploy.0 = Release|Any CPU
		{3E80D8B1-FAA4-4E77-A369-3CDB3AFD7E0D}.Ad-Hoc|ARM.ActiveCfg = Release|Any CPU
		{3E80D8B1-FAA4-4E77-A369-3CDB3AFD7E0D}.Ad-Hoc|ARM.Build.0 = Release|Any CPU
		{3E80D8B1-FAA4-4E77-A369-3CDB3AFD7E0D}.Ad-Hoc|ARM.Deploy.0 = Release|Any CPU
		{3E80D8B1-FAA4-4E77-A369-3CDB3AFD7E0D}.Ad-Hoc|iPhone.ActiveCfg = Release|Any CPU
		{3E80D8B1-FAA4-4E77-A369-3CDB3AFD7E0D}.Ad-Hoc|iPhone.Build.0 = Release|Any CPU
		{3E80D8B1-FAA4-4E77-A369-3CDB3AFD7E0D}.Ad-Hoc|iPhone.Deploy.0 = Release|Any CPU
		{3E80D8B1-FAA4-4E77-A369-3CDB3AFD7E0D}.Ad-Hoc|iPhoneSimulator.ActiveCfg = Release|Any CPU
		{3E80D8B1-FAA4-4E77-A369-3CDB3AFD7E0D}.Ad-Hoc|iPhoneSimulator.Build.0 = Release|Any CPU
		{3E80D8B1-FAA4-4E77-A369-3CDB3AFD7E0D}.Ad-Hoc|iPhoneSimulator.Deploy.0 = Release|Any CPU
		{3E80D8B1-FAA4-4E77-A369-3CDB3AFD7E0D}.Ad-Hoc|x64.ActiveCfg = Release|Any CPU
		{3E80D8B1-FAA4-4E77-A369-3CDB3AFD7E0D}.Ad-Hoc|x64.Build.0 = Release|Any CPU
		{3E80D8B1-FAA4-4E77-A369-3CDB3AFD7E0D}.Ad-Hoc|x64.Deploy.0 = Release|Any CPU
		{3E80D8B1-FAA4-4E77-A369-3CDB3AFD7E0D}.Ad-Hoc|x86.ActiveCfg = Release|Any CPU
		{3E80D8B1-FAA4-4E77-A369-3CDB3AFD7E0D}.Ad-Hoc|x86.Build.0 = Release|Any CPU
		{3E80D8B1-FAA4-4E77-A369-3CDB3AFD7E0D}.Ad-Hoc|x86.Deploy.0 = Release|Any CPU
		{3E80D8B1-FAA4-4E77-A369-3CDB3AFD7E0D}.AppStore|Any CPU.ActiveCfg = Release|Any CPU
		{3E80D8B1-FAA4-4E77-A369-3CDB3AFD7E0D}.AppStore|Any CPU.Build.0 = Release|Any CPU
		{3E80D8B1-FAA4-4E77-A369-3CDB3AFD7E0D}.AppStore|Any CPU.Deploy.0 = Release|Any CPU
		{3E80D8B1-FAA4-4E77-A369-3CDB3AFD7E0D}.AppStore|ARM.ActiveCfg = Release|Any CPU
		{3E80D8B1-FAA4-4E77-A369-3CDB3AFD7E0D}.AppStore|ARM.Build.0 = Release|Any CPU
		{3E80D8B1-FAA4-4E77-A369-3CDB3AFD7E0D}.AppStore|ARM.Deploy.0 = Release|Any CPU
		{3E80D8B1-FAA4-4E77-A369-3CDB3AFD7E0D}.AppStore|iPhone.ActiveCfg = Release|Any CPU
		{3E80D8B1-FAA4-4E77-A369-3CDB3AFD7E0D}.AppStore|iPhone.Build.0 = Release|Any CPU
		{3E80D8B1-FAA4-4E77-A369-3CDB3AFD7E0D}.AppStore|iPhone.Deploy.0 = Release|Any CPU
		{3E80D8B1-FAA4-4E77-A369-3CDB3AFD7E0D}.AppStore|iPhoneSimulator.ActiveCfg = Release|Any CPU
		{3E80D8B1-FAA4-4E77-A369-3CDB3AFD7E0D}.AppStore|iPhoneSimulator.Build.0 = Release|Any CPU
		{3E80D8B1-FAA4-4E77-A369-3CDB3AFD7E0D}.AppStore|iPhoneSimulator.Deploy.0 = Release|Any CPU
		{3E80D8B1-FAA4-4E77-A369-3CDB3AFD7E0D}.AppStore|x64.ActiveCfg = Release|Any CPU
		{3E80D8B1-FAA4-4E77-A369-3CDB3AFD7E0D}.AppStore|x64.Build.0 = Release|Any CPU
		{3E80D8B1-FAA4-4E77-A369-3CDB3AFD7E0D}.AppStore|x64.Deploy.0 = Release|Any CPU
		{3E80D8B1-FAA4-4E77-A369-3CDB3AFD7E0D}.AppStore|x86.ActiveCfg = Release|Any CPU
		{3E80D8B1-FAA4-4E77-A369-3CDB3AFD7E0D}.AppStore|x86.Build.0 = Release|Any CPU
		{3E80D8B1-FAA4-4E77-A369-3CDB3AFD7E0D}.AppStore|x86.Deploy.0 = Release|Any CPU
		{3E80D8B1-FAA4-4E77-A369-3CDB3AFD7E0D}.Debug|Any CPU.ActiveCfg = Debug|Any CPU
		{3E80D8B1-FAA4-4E77-A369-3CDB3AFD7E0D}.Debug|Any CPU.Build.0 = Debug|Any CPU
		{3E80D8B1-FAA4-4E77-A369-3CDB3AFD7E0D}.Debug|Any CPU.Deploy.0 = Debug|Any CPU
		{3E80D8B1-FAA4-4E77-A369-3CDB3AFD7E0D}.Debug|ARM.ActiveCfg = Debug|Any CPU
		{3E80D8B1-FAA4-4E77-A369-3CDB3AFD7E0D}.Debug|ARM.Build.0 = Debug|Any CPU
		{3E80D8B1-FAA4-4E77-A369-3CDB3AFD7E0D}.Debug|ARM.Deploy.0 = Debug|Any CPU
		{3E80D8B1-FAA4-4E77-A369-3CDB3AFD7E0D}.Debug|iPhone.ActiveCfg = Debug|Any CPU
		{3E80D8B1-FAA4-4E77-A369-3CDB3AFD7E0D}.Debug|iPhone.Build.0 = Debug|Any CPU
		{3E80D8B1-FAA4-4E77-A369-3CDB3AFD7E0D}.Debug|iPhone.Deploy.0 = Debug|Any CPU
		{3E80D8B1-FAA4-4E77-A369-3CDB3AFD7E0D}.Debug|iPhoneSimulator.ActiveCfg = Debug|Any CPU
		{3E80D8B1-FAA4-4E77-A369-3CDB3AFD7E0D}.Debug|iPhoneSimulator.Build.0 = Debug|Any CPU
		{3E80D8B1-FAA4-4E77-A369-3CDB3AFD7E0D}.Debug|iPhoneSimulator.Deploy.0 = Debug|Any CPU
		{3E80D8B1-FAA4-4E77-A369-3CDB3AFD7E0D}.Debug|x64.ActiveCfg = Debug|Any CPU
		{3E80D8B1-FAA4-4E77-A369-3CDB3AFD7E0D}.Debug|x64.Build.0 = Debug|Any CPU
		{3E80D8B1-FAA4-4E77-A369-3CDB3AFD7E0D}.Debug|x64.Deploy.0 = Debug|Any CPU
		{3E80D8B1-FAA4-4E77-A369-3CDB3AFD7E0D}.Debug|x86.ActiveCfg = Debug|Any CPU
		{3E80D8B1-FAA4-4E77-A369-3CDB3AFD7E0D}.Debug|x86.Build.0 = Debug|Any CPU
		{3E80D8B1-FAA4-4E77-A369-3CDB3AFD7E0D}.Debug|x86.Deploy.0 = Debug|Any CPU
		{3E80D8B1-FAA4-4E77-A369-3CDB3AFD7E0D}.Release|Any CPU.ActiveCfg = Release|Any CPU
		{3E80D8B1-FAA4-4E77-A369-3CDB3AFD7E0D}.Release|Any CPU.Build.0 = Release|Any CPU
		{3E80D8B1-FAA4-4E77-A369-3CDB3AFD7E0D}.Release|Any CPU.Deploy.0 = Release|Any CPU
		{3E80D8B1-FAA4-4E77-A369-3CDB3AFD7E0D}.Release|ARM.ActiveCfg = Release|Any CPU
		{3E80D8B1-FAA4-4E77-A369-3CDB3AFD7E0D}.Release|ARM.Build.0 = Release|Any CPU
		{3E80D8B1-FAA4-4E77-A369-3CDB3AFD7E0D}.Release|ARM.Deploy.0 = Release|Any CPU
		{3E80D8B1-FAA4-4E77-A369-3CDB3AFD7E0D}.Release|iPhone.ActiveCfg = Release|Any CPU
		{3E80D8B1-FAA4-4E77-A369-3CDB3AFD7E0D}.Release|iPhone.Build.0 = Release|Any CPU
		{3E80D8B1-FAA4-4E77-A369-3CDB3AFD7E0D}.Release|iPhone.Deploy.0 = Release|Any CPU
		{3E80D8B1-FAA4-4E77-A369-3CDB3AFD7E0D}.Release|iPhoneSimulator.ActiveCfg = Release|Any CPU
		{3E80D8B1-FAA4-4E77-A369-3CDB3AFD7E0D}.Release|iPhoneSimulator.Build.0 = Release|Any CPU
		{3E80D8B1-FAA4-4E77-A369-3CDB3AFD7E0D}.Release|iPhoneSimulator.Deploy.0 = Release|Any CPU
		{3E80D8B1-FAA4-4E77-A369-3CDB3AFD7E0D}.Release|x64.ActiveCfg = Release|Any CPU
		{3E80D8B1-FAA4-4E77-A369-3CDB3AFD7E0D}.Release|x64.Build.0 = Release|Any CPU
		{3E80D8B1-FAA4-4E77-A369-3CDB3AFD7E0D}.Release|x64.Deploy.0 = Release|Any CPU
		{3E80D8B1-FAA4-4E77-A369-3CDB3AFD7E0D}.Release|x86.ActiveCfg = Release|Any CPU
		{3E80D8B1-FAA4-4E77-A369-3CDB3AFD7E0D}.Release|x86.Build.0 = Release|Any CPU
		{3E80D8B1-FAA4-4E77-A369-3CDB3AFD7E0D}.Release|x86.Deploy.0 = Release|Any CPU
		{78566DAD-D6CF-4996-A9F2-A4982418DFDC}.Ad-Hoc|Any CPU.ActiveCfg = Ad-Hoc|iPhone
		{78566DAD-D6CF-4996-A9F2-A4982418DFDC}.Ad-Hoc|Any CPU.Build.0 = Ad-Hoc|iPhone
		{78566DAD-D6CF-4996-A9F2-A4982418DFDC}.Ad-Hoc|Any CPU.Deploy.0 = Ad-Hoc|iPhone
		{78566DAD-D6CF-4996-A9F2-A4982418DFDC}.Ad-Hoc|ARM.ActiveCfg = Ad-Hoc|iPhone
		{78566DAD-D6CF-4996-A9F2-A4982418DFDC}.Ad-Hoc|ARM.Build.0 = Ad-Hoc|iPhone
		{78566DAD-D6CF-4996-A9F2-A4982418DFDC}.Ad-Hoc|ARM.Deploy.0 = Ad-Hoc|iPhone
		{78566DAD-D6CF-4996-A9F2-A4982418DFDC}.Ad-Hoc|iPhone.ActiveCfg = Ad-Hoc|iPhone
		{78566DAD-D6CF-4996-A9F2-A4982418DFDC}.Ad-Hoc|iPhone.Build.0 = Ad-Hoc|iPhone
		{78566DAD-D6CF-4996-A9F2-A4982418DFDC}.Ad-Hoc|iPhone.Deploy.0 = Ad-Hoc|iPhone
		{78566DAD-D6CF-4996-A9F2-A4982418DFDC}.Ad-Hoc|iPhoneSimulator.ActiveCfg = Ad-Hoc|iPhoneSimulator
		{78566DAD-D6CF-4996-A9F2-A4982418DFDC}.Ad-Hoc|iPhoneSimulator.Build.0 = Ad-Hoc|iPhoneSimulator
		{78566DAD-D6CF-4996-A9F2-A4982418DFDC}.Ad-Hoc|iPhoneSimulator.Deploy.0 = Ad-Hoc|iPhoneSimulator
		{78566DAD-D6CF-4996-A9F2-A4982418DFDC}.Ad-Hoc|x64.ActiveCfg = Ad-Hoc|iPhone
		{78566DAD-D6CF-4996-A9F2-A4982418DFDC}.Ad-Hoc|x64.Build.0 = Ad-Hoc|iPhone
		{78566DAD-D6CF-4996-A9F2-A4982418DFDC}.Ad-Hoc|x64.Deploy.0 = Ad-Hoc|iPhone
		{78566DAD-D6CF-4996-A9F2-A4982418DFDC}.Ad-Hoc|x86.ActiveCfg = Ad-Hoc|iPhone
		{78566DAD-D6CF-4996-A9F2-A4982418DFDC}.Ad-Hoc|x86.Build.0 = Ad-Hoc|iPhone
		{78566DAD-D6CF-4996-A9F2-A4982418DFDC}.Ad-Hoc|x86.Deploy.0 = Ad-Hoc|iPhone
		{78566DAD-D6CF-4996-A9F2-A4982418DFDC}.AppStore|Any CPU.ActiveCfg = AppStore|iPhone
		{78566DAD-D6CF-4996-A9F2-A4982418DFDC}.AppStore|Any CPU.Build.0 = AppStore|iPhone
		{78566DAD-D6CF-4996-A9F2-A4982418DFDC}.AppStore|Any CPU.Deploy.0 = AppStore|iPhone
		{78566DAD-D6CF-4996-A9F2-A4982418DFDC}.AppStore|ARM.ActiveCfg = AppStore|iPhone
		{78566DAD-D6CF-4996-A9F2-A4982418DFDC}.AppStore|ARM.Build.0 = AppStore|iPhone
		{78566DAD-D6CF-4996-A9F2-A4982418DFDC}.AppStore|ARM.Deploy.0 = AppStore|iPhone
		{78566DAD-D6CF-4996-A9F2-A4982418DFDC}.AppStore|iPhone.ActiveCfg = AppStore|iPhone
		{78566DAD-D6CF-4996-A9F2-A4982418DFDC}.AppStore|iPhone.Build.0 = AppStore|iPhone
		{78566DAD-D6CF-4996-A9F2-A4982418DFDC}.AppStore|iPhone.Deploy.0 = AppStore|iPhone
		{78566DAD-D6CF-4996-A9F2-A4982418DFDC}.AppStore|iPhoneSimulator.ActiveCfg = AppStore|iPhoneSimulator
		{78566DAD-D6CF-4996-A9F2-A4982418DFDC}.AppStore|iPhoneSimulator.Build.0 = AppStore|iPhoneSimulator
		{78566DAD-D6CF-4996-A9F2-A4982418DFDC}.AppStore|iPhoneSimulator.Deploy.0 = AppStore|iPhoneSimulator
		{78566DAD-D6CF-4996-A9F2-A4982418DFDC}.AppStore|x64.ActiveCfg = AppStore|iPhone
		{78566DAD-D6CF-4996-A9F2-A4982418DFDC}.AppStore|x64.Build.0 = AppStore|iPhone
		{78566DAD-D6CF-4996-A9F2-A4982418DFDC}.AppStore|x64.Deploy.0 = AppStore|iPhone
		{78566DAD-D6CF-4996-A9F2-A4982418DFDC}.AppStore|x86.ActiveCfg = AppStore|iPhone
		{78566DAD-D6CF-4996-A9F2-A4982418DFDC}.AppStore|x86.Build.0 = AppStore|iPhone
		{78566DAD-D6CF-4996-A9F2-A4982418DFDC}.AppStore|x86.Deploy.0 = AppStore|iPhone
		{78566DAD-D6CF-4996-A9F2-A4982418DFDC}.Debug|Any CPU.ActiveCfg = Debug|iPhoneSimulator
		{78566DAD-D6CF-4996-A9F2-A4982418DFDC}.Debug|Any CPU.Build.0 = Debug|iPhoneSimulator
		{78566DAD-D6CF-4996-A9F2-A4982418DFDC}.Debug|Any CPU.Deploy.0 = Debug|iPhoneSimulator
		{78566DAD-D6CF-4996-A9F2-A4982418DFDC}.Debug|ARM.ActiveCfg = Debug|iPhone
		{78566DAD-D6CF-4996-A9F2-A4982418DFDC}.Debug|ARM.Build.0 = Debug|iPhone
		{78566DAD-D6CF-4996-A9F2-A4982418DFDC}.Debug|ARM.Deploy.0 = Debug|iPhone
		{78566DAD-D6CF-4996-A9F2-A4982418DFDC}.Debug|iPhone.ActiveCfg = Debug|iPhone
		{78566DAD-D6CF-4996-A9F2-A4982418DFDC}.Debug|iPhone.Build.0 = Debug|iPhone
		{78566DAD-D6CF-4996-A9F2-A4982418DFDC}.Debug|iPhone.Deploy.0 = Debug|iPhone
		{78566DAD-D6CF-4996-A9F2-A4982418DFDC}.Debug|iPhoneSimulator.ActiveCfg = Debug|iPhoneSimulator
		{78566DAD-D6CF-4996-A9F2-A4982418DFDC}.Debug|iPhoneSimulator.Build.0 = Debug|iPhoneSimulator
		{78566DAD-D6CF-4996-A9F2-A4982418DFDC}.Debug|iPhoneSimulator.Deploy.0 = Debug|iPhoneSimulator
		{78566DAD-D6CF-4996-A9F2-A4982418DFDC}.Debug|x64.ActiveCfg = Debug|iPhone
		{78566DAD-D6CF-4996-A9F2-A4982418DFDC}.Debug|x64.Build.0 = Debug|iPhone
		{78566DAD-D6CF-4996-A9F2-A4982418DFDC}.Debug|x64.Deploy.0 = Debug|iPhone
		{78566DAD-D6CF-4996-A9F2-A4982418DFDC}.Debug|x86.ActiveCfg = Debug|iPhone
		{78566DAD-D6CF-4996-A9F2-A4982418DFDC}.Debug|x86.Build.0 = Debug|iPhone
		{78566DAD-D6CF-4996-A9F2-A4982418DFDC}.Debug|x86.Deploy.0 = Debug|iPhone
		{78566DAD-D6CF-4996-A9F2-A4982418DFDC}.Release|Any CPU.ActiveCfg = Release|iPhone
		{78566DAD-D6CF-4996-A9F2-A4982418DFDC}.Release|Any CPU.Build.0 = Release|iPhone
		{78566DAD-D6CF-4996-A9F2-A4982418DFDC}.Release|Any CPU.Deploy.0 = Release|iPhone
		{78566DAD-D6CF-4996-A9F2-A4982418DFDC}.Release|ARM.ActiveCfg = Release|iPhone
		{78566DAD-D6CF-4996-A9F2-A4982418DFDC}.Release|ARM.Build.0 = Release|iPhone
		{78566DAD-D6CF-4996-A9F2-A4982418DFDC}.Release|ARM.Deploy.0 = Release|iPhone
		{78566DAD-D6CF-4996-A9F2-A4982418DFDC}.Release|iPhone.ActiveCfg = Release|iPhone
		{78566DAD-D6CF-4996-A9F2-A4982418DFDC}.Release|iPhone.Build.0 = Release|iPhone
		{78566DAD-D6CF-4996-A9F2-A4982418DFDC}.Release|iPhone.Deploy.0 = Release|iPhone
		{78566DAD-D6CF-4996-A9F2-A4982418DFDC}.Release|iPhoneSimulator.ActiveCfg = Release|iPhoneSimulator
		{78566DAD-D6CF-4996-A9F2-A4982418DFDC}.Release|iPhoneSimulator.Build.0 = Release|iPhoneSimulator
		{78566DAD-D6CF-4996-A9F2-A4982418DFDC}.Release|iPhoneSimulator.Deploy.0 = Release|iPhoneSimulator
		{78566DAD-D6CF-4996-A9F2-A4982418DFDC}.Release|x64.ActiveCfg = Release|iPhone
		{78566DAD-D6CF-4996-A9F2-A4982418DFDC}.Release|x64.Build.0 = Release|iPhone
		{78566DAD-D6CF-4996-A9F2-A4982418DFDC}.Release|x64.Deploy.0 = Release|iPhone
		{78566DAD-D6CF-4996-A9F2-A4982418DFDC}.Release|x86.ActiveCfg = Release|iPhone
		{78566DAD-D6CF-4996-A9F2-A4982418DFDC}.Release|x86.Build.0 = Release|iPhone
		{78566DAD-D6CF-4996-A9F2-A4982418DFDC}.Release|x86.Deploy.0 = Release|iPhone
		{E7F7F391-86F0-4D26-AD84-59FCEFE95FC7}.Ad-Hoc|Any CPU.ActiveCfg = Release|x86
		{E7F7F391-86F0-4D26-AD84-59FCEFE95FC7}.Ad-Hoc|Any CPU.Build.0 = Release|x86
		{E7F7F391-86F0-4D26-AD84-59FCEFE95FC7}.Ad-Hoc|Any CPU.Deploy.0 = Release|x86
		{E7F7F391-86F0-4D26-AD84-59FCEFE95FC7}.Ad-Hoc|ARM.ActiveCfg = Release|ARM
		{E7F7F391-86F0-4D26-AD84-59FCEFE95FC7}.Ad-Hoc|ARM.Build.0 = Release|ARM
		{E7F7F391-86F0-4D26-AD84-59FCEFE95FC7}.Ad-Hoc|ARM.Deploy.0 = Release|ARM
		{E7F7F391-86F0-4D26-AD84-59FCEFE95FC7}.Ad-Hoc|iPhone.ActiveCfg = Release|x86
		{E7F7F391-86F0-4D26-AD84-59FCEFE95FC7}.Ad-Hoc|iPhone.Build.0 = Release|x86
		{E7F7F391-86F0-4D26-AD84-59FCEFE95FC7}.Ad-Hoc|iPhone.Deploy.0 = Release|x86
		{E7F7F391-86F0-4D26-AD84-59FCEFE95FC7}.Ad-Hoc|iPhoneSimulator.ActiveCfg = Release|x86
		{E7F7F391-86F0-4D26-AD84-59FCEFE95FC7}.Ad-Hoc|iPhoneSimulator.Build.0 = Release|x86
		{E7F7F391-86F0-4D26-AD84-59FCEFE95FC7}.Ad-Hoc|iPhoneSimulator.Deploy.0 = Release|x86
		{E7F7F391-86F0-4D26-AD84-59FCEFE95FC7}.Ad-Hoc|x64.ActiveCfg = Release|x64
		{E7F7F391-86F0-4D26-AD84-59FCEFE95FC7}.Ad-Hoc|x64.Build.0 = Release|x64
		{E7F7F391-86F0-4D26-AD84-59FCEFE95FC7}.Ad-Hoc|x64.Deploy.0 = Release|x64
		{E7F7F391-86F0-4D26-AD84-59FCEFE95FC7}.Ad-Hoc|x86.ActiveCfg = Release|x86
		{E7F7F391-86F0-4D26-AD84-59FCEFE95FC7}.Ad-Hoc|x86.Build.0 = Release|x86
		{E7F7F391-86F0-4D26-AD84-59FCEFE95FC7}.Ad-Hoc|x86.Deploy.0 = Release|x86
		{E7F7F391-86F0-4D26-AD84-59FCEFE95FC7}.AppStore|Any CPU.ActiveCfg = Release|x86
		{E7F7F391-86F0-4D26-AD84-59FCEFE95FC7}.AppStore|Any CPU.Build.0 = Release|x86
		{E7F7F391-86F0-4D26-AD84-59FCEFE95FC7}.AppStore|Any CPU.Deploy.0 = Release|x86
		{E7F7F391-86F0-4D26-AD84-59FCEFE95FC7}.AppStore|ARM.ActiveCfg = Release|ARM
		{E7F7F391-86F0-4D26-AD84-59FCEFE95FC7}.AppStore|ARM.Build.0 = Release|ARM
		{E7F7F391-86F0-4D26-AD84-59FCEFE95FC7}.AppStore|ARM.Deploy.0 = Release|ARM
		{E7F7F391-86F0-4D26-AD84-59FCEFE95FC7}.AppStore|iPhone.ActiveCfg = Release|x86
		{E7F7F391-86F0-4D26-AD84-59FCEFE95FC7}.AppStore|iPhone.Build.0 = Release|x86
		{E7F7F391-86F0-4D26-AD84-59FCEFE95FC7}.AppStore|iPhone.Deploy.0 = Release|x86
		{E7F7F391-86F0-4D26-AD84-59FCEFE95FC7}.AppStore|iPhoneSimulator.ActiveCfg = Release|x86
		{E7F7F391-86F0-4D26-AD84-59FCEFE95FC7}.AppStore|iPhoneSimulator.Build.0 = Release|x86
		{E7F7F391-86F0-4D26-AD84-59FCEFE95FC7}.AppStore|iPhoneSimulator.Deploy.0 = Release|x86
		{E7F7F391-86F0-4D26-AD84-59FCEFE95FC7}.AppStore|x64.ActiveCfg = Release|x64
		{E7F7F391-86F0-4D26-AD84-59FCEFE95FC7}.AppStore|x64.Build.0 = Release|x64
		{E7F7F391-86F0-4D26-AD84-59FCEFE95FC7}.AppStore|x64.Deploy.0 = Release|x64
		{E7F7F391-86F0-4D26-AD84-59FCEFE95FC7}.AppStore|x86.ActiveCfg = Release|x86
		{E7F7F391-86F0-4D26-AD84-59FCEFE95FC7}.AppStore|x86.Build.0 = Release|x86
		{E7F7F391-86F0-4D26-AD84-59FCEFE95FC7}.AppStore|x86.Deploy.0 = Release|x86
		{E7F7F391-86F0-4D26-AD84-59FCEFE95FC7}.Debug|Any CPU.ActiveCfg = Debug|x86
		{E7F7F391-86F0-4D26-AD84-59FCEFE95FC7}.Debug|Any CPU.Build.0 = Debug|x86
		{E7F7F391-86F0-4D26-AD84-59FCEFE95FC7}.Debug|Any CPU.Deploy.0 = Debug|x86
		{E7F7F391-86F0-4D26-AD84-59FCEFE95FC7}.Debug|ARM.ActiveCfg = Debug|ARM
		{E7F7F391-86F0-4D26-AD84-59FCEFE95FC7}.Debug|ARM.Build.0 = Debug|ARM
		{E7F7F391-86F0-4D26-AD84-59FCEFE95FC7}.Debug|ARM.Deploy.0 = Debug|ARM
		{E7F7F391-86F0-4D26-AD84-59FCEFE95FC7}.Debug|iPhone.ActiveCfg = Debug|x86
		{E7F7F391-86F0-4D26-AD84-59FCEFE95FC7}.Debug|iPhone.Build.0 = Debug|x86
		{E7F7F391-86F0-4D26-AD84-59FCEFE95FC7}.Debug|iPhone.Deploy.0 = Debug|x86
		{E7F7F391-86F0-4D26-AD84-59FCEFE95FC7}.Debug|iPhoneSimulator.ActiveCfg = Debug|x86
		{E7F7F391-86F0-4D26-AD84-59FCEFE95FC7}.Debug|iPhoneSimulator.Build.0 = Debug|x86
		{E7F7F391-86F0-4D26-AD84-59FCEFE95FC7}.Debug|iPhoneSimulator.Deploy.0 = Debug|x86
		{E7F7F391-86F0-4D26-AD84-59FCEFE95FC7}.Debug|x64.ActiveCfg = Debug|x64
		{E7F7F391-86F0-4D26-AD84-59FCEFE95FC7}.Debug|x64.Build.0 = Debug|x64
		{E7F7F391-86F0-4D26-AD84-59FCEFE95FC7}.Debug|x64.Deploy.0 = Debug|x64
		{E7F7F391-86F0-4D26-AD84-59FCEFE95FC7}.Debug|x86.ActiveCfg = Debug|x86
		{E7F7F391-86F0-4D26-AD84-59FCEFE95FC7}.Debug|x86.Build.0 = Debug|x86
		{E7F7F391-86F0-4D26-AD84-59FCEFE95FC7}.Debug|x86.Deploy.0 = Debug|x86
		{E7F7F391-86F0-4D26-AD84-59FCEFE95FC7}.Release|Any CPU.ActiveCfg = Release|x86
		{E7F7F391-86F0-4D26-AD84-59FCEFE95FC7}.Release|Any CPU.Build.0 = Release|x86
		{E7F7F391-86F0-4D26-AD84-59FCEFE95FC7}.Release|Any CPU.Deploy.0 = Release|x86
		{E7F7F391-86F0-4D26-AD84-59FCEFE95FC7}.Release|ARM.ActiveCfg = Release|ARM
		{E7F7F391-86F0-4D26-AD84-59FCEFE95FC7}.Release|ARM.Build.0 = Release|ARM
		{E7F7F391-86F0-4D26-AD84-59FCEFE95FC7}.Release|ARM.Deploy.0 = Release|ARM
		{E7F7F391-86F0-4D26-AD84-59FCEFE95FC7}.Release|iPhone.ActiveCfg = Release|x86
		{E7F7F391-86F0-4D26-AD84-59FCEFE95FC7}.Release|iPhone.Build.0 = Release|x86
		{E7F7F391-86F0-4D26-AD84-59FCEFE95FC7}.Release|iPhone.Deploy.0 = Release|x86
		{E7F7F391-86F0-4D26-AD84-59FCEFE95FC7}.Release|iPhoneSimulator.ActiveCfg = Release|x86
		{E7F7F391-86F0-4D26-AD84-59FCEFE95FC7}.Release|iPhoneSimulator.Build.0 = Release|x86
		{E7F7F391-86F0-4D26-AD84-59FCEFE95FC7}.Release|iPhoneSimulator.Deploy.0 = Release|x86
		{E7F7F391-86F0-4D26-AD84-59FCEFE95FC7}.Release|x64.ActiveCfg = Release|x64
		{E7F7F391-86F0-4D26-AD84-59FCEFE95FC7}.Release|x64.Build.0 = Release|x64
		{E7F7F391-86F0-4D26-AD84-59FCEFE95FC7}.Release|x64.Deploy.0 = Release|x64
		{E7F7F391-86F0-4D26-AD84-59FCEFE95FC7}.Release|x86.ActiveCfg = Release|x86
		{E7F7F391-86F0-4D26-AD84-59FCEFE95FC7}.Release|x86.Build.0 = Release|x86
		{E7F7F391-86F0-4D26-AD84-59FCEFE95FC7}.Release|x86.Deploy.0 = Release|x86
		{1AD34CC1-818D-4A34-AC10-0E6F71D98DBE}.Ad-Hoc|Any CPU.ActiveCfg = Debug|Any CPU
		{1AD34CC1-818D-4A34-AC10-0E6F71D98DBE}.Ad-Hoc|Any CPU.Build.0 = Debug|Any CPU
		{1AD34CC1-818D-4A34-AC10-0E6F71D98DBE}.Ad-Hoc|Any CPU.Deploy.0 = Debug|Any CPU
		{1AD34CC1-818D-4A34-AC10-0E6F71D98DBE}.Ad-Hoc|ARM.ActiveCfg = Debug|Any CPU
		{1AD34CC1-818D-4A34-AC10-0E6F71D98DBE}.Ad-Hoc|ARM.Build.0 = Debug|Any CPU
		{1AD34CC1-818D-4A34-AC10-0E6F71D98DBE}.Ad-Hoc|ARM.Deploy.0 = Debug|Any CPU
		{1AD34CC1-818D-4A34-AC10-0E6F71D98DBE}.Ad-Hoc|iPhone.ActiveCfg = Debug|Any CPU
		{1AD34CC1-818D-4A34-AC10-0E6F71D98DBE}.Ad-Hoc|iPhone.Build.0 = Debug|Any CPU
		{1AD34CC1-818D-4A34-AC10-0E6F71D98DBE}.Ad-Hoc|iPhone.Deploy.0 = Debug|Any CPU
		{1AD34CC1-818D-4A34-AC10-0E6F71D98DBE}.Ad-Hoc|iPhoneSimulator.ActiveCfg = Debug|Any CPU
		{1AD34CC1-818D-4A34-AC10-0E6F71D98DBE}.Ad-Hoc|iPhoneSimulator.Build.0 = Debug|Any CPU
		{1AD34CC1-818D-4A34-AC10-0E6F71D98DBE}.Ad-Hoc|iPhoneSimulator.Deploy.0 = Debug|Any CPU
		{1AD34CC1-818D-4A34-AC10-0E6F71D98DBE}.Ad-Hoc|x64.ActiveCfg = Debug|Any CPU
		{1AD34CC1-818D-4A34-AC10-0E6F71D98DBE}.Ad-Hoc|x64.Build.0 = Debug|Any CPU
		{1AD34CC1-818D-4A34-AC10-0E6F71D98DBE}.Ad-Hoc|x64.Deploy.0 = Debug|Any CPU
		{1AD34CC1-818D-4A34-AC10-0E6F71D98DBE}.Ad-Hoc|x86.ActiveCfg = Debug|Any CPU
		{1AD34CC1-818D-4A34-AC10-0E6F71D98DBE}.Ad-Hoc|x86.Build.0 = Debug|Any CPU
		{1AD34CC1-818D-4A34-AC10-0E6F71D98DBE}.Ad-Hoc|x86.Deploy.0 = Debug|Any CPU
		{1AD34CC1-818D-4A34-AC10-0E6F71D98DBE}.AppStore|Any CPU.ActiveCfg = Debug|Any CPU
		{1AD34CC1-818D-4A34-AC10-0E6F71D98DBE}.AppStore|Any CPU.Build.0 = Debug|Any CPU
		{1AD34CC1-818D-4A34-AC10-0E6F71D98DBE}.AppStore|Any CPU.Deploy.0 = Debug|Any CPU
		{1AD34CC1-818D-4A34-AC10-0E6F71D98DBE}.AppStore|ARM.ActiveCfg = Debug|Any CPU
		{1AD34CC1-818D-4A34-AC10-0E6F71D98DBE}.AppStore|ARM.Build.0 = Debug|Any CPU
		{1AD34CC1-818D-4A34-AC10-0E6F71D98DBE}.AppStore|ARM.Deploy.0 = Debug|Any CPU
		{1AD34CC1-818D-4A34-AC10-0E6F71D98DBE}.AppStore|iPhone.ActiveCfg = Debug|Any CPU
		{1AD34CC1-818D-4A34-AC10-0E6F71D98DBE}.AppStore|iPhone.Build.0 = Debug|Any CPU
		{1AD34CC1-818D-4A34-AC10-0E6F71D98DBE}.AppStore|iPhone.Deploy.0 = Debug|Any CPU
		{1AD34CC1-818D-4A34-AC10-0E6F71D98DBE}.AppStore|iPhoneSimulator.ActiveCfg = Debug|Any CPU
		{1AD34CC1-818D-4A34-AC10-0E6F71D98DBE}.AppStore|iPhoneSimulator.Build.0 = Debug|Any CPU
		{1AD34CC1-818D-4A34-AC10-0E6F71D98DBE}.AppStore|iPhoneSimulator.Deploy.0 = Debug|Any CPU
		{1AD34CC1-818D-4A34-AC10-0E6F71D98DBE}.AppStore|x64.ActiveCfg = Debug|Any CPU
		{1AD34CC1-818D-4A34-AC10-0E6F71D98DBE}.AppStore|x64.Build.0 = Debug|Any CPU
		{1AD34CC1-818D-4A34-AC10-0E6F71D98DBE}.AppStore|x64.Deploy.0 = Debug|Any CPU
		{1AD34CC1-818D-4A34-AC10-0E6F71D98DBE}.AppStore|x86.ActiveCfg = Debug|Any CPU
		{1AD34CC1-818D-4A34-AC10-0E6F71D98DBE}.AppStore|x86.Build.0 = Debug|Any CPU
		{1AD34CC1-818D-4A34-AC10-0E6F71D98DBE}.AppStore|x86.Deploy.0 = Debug|Any CPU
		{1AD34CC1-818D-4A34-AC10-0E6F71D98DBE}.Debug|Any CPU.ActiveCfg = Debug|Any CPU
		{1AD34CC1-818D-4A34-AC10-0E6F71D98DBE}.Debug|Any CPU.Build.0 = Debug|Any CPU
		{1AD34CC1-818D-4A34-AC10-0E6F71D98DBE}.Debug|Any CPU.Deploy.0 = Debug|Any CPU
		{1AD34CC1-818D-4A34-AC10-0E6F71D98DBE}.Debug|ARM.ActiveCfg = Debug|Any CPU
		{1AD34CC1-818D-4A34-AC10-0E6F71D98DBE}.Debug|ARM.Build.0 = Debug|Any CPU
		{1AD34CC1-818D-4A34-AC10-0E6F71D98DBE}.Debug|ARM.Deploy.0 = Debug|Any CPU
		{1AD34CC1-818D-4A34-AC10-0E6F71D98DBE}.Debug|iPhone.ActiveCfg = Debug|Any CPU
		{1AD34CC1-818D-4A34-AC10-0E6F71D98DBE}.Debug|iPhone.Build.0 = Debug|Any CPU
		{1AD34CC1-818D-4A34-AC10-0E6F71D98DBE}.Debug|iPhone.Deploy.0 = Debug|Any CPU
		{1AD34CC1-818D-4A34-AC10-0E6F71D98DBE}.Debug|iPhoneSimulator.ActiveCfg = Debug|Any CPU
		{1AD34CC1-818D-4A34-AC10-0E6F71D98DBE}.Debug|iPhoneSimulator.Build.0 = Debug|Any CPU
		{1AD34CC1-818D-4A34-AC10-0E6F71D98DBE}.Debug|iPhoneSimulator.Deploy.0 = Debug|Any CPU
		{1AD34CC1-818D-4A34-AC10-0E6F71D98DBE}.Debug|x64.ActiveCfg = Debug|Any CPU
		{1AD34CC1-818D-4A34-AC10-0E6F71D98DBE}.Debug|x64.Build.0 = Debug|Any CPU
		{1AD34CC1-818D-4A34-AC10-0E6F71D98DBE}.Debug|x64.Deploy.0 = Debug|Any CPU
		{1AD34CC1-818D-4A34-AC10-0E6F71D98DBE}.Debug|x86.ActiveCfg = Debug|Any CPU
		{1AD34CC1-818D-4A34-AC10-0E6F71D98DBE}.Debug|x86.Build.0 = Debug|Any CPU
		{1AD34CC1-818D-4A34-AC10-0E6F71D98DBE}.Debug|x86.Deploy.0 = Debug|Any CPU
		{1AD34CC1-818D-4A34-AC10-0E6F71D98DBE}.Release|Any CPU.ActiveCfg = Release|Any CPU
		{1AD34CC1-818D-4A34-AC10-0E6F71D98DBE}.Release|Any CPU.Build.0 = Release|Any CPU
		{1AD34CC1-818D-4A34-AC10-0E6F71D98DBE}.Release|Any CPU.Deploy.0 = Release|Any CPU
		{1AD34CC1-818D-4A34-AC10-0E6F71D98DBE}.Release|ARM.ActiveCfg = Release|Any CPU
		{1AD34CC1-818D-4A34-AC10-0E6F71D98DBE}.Release|ARM.Build.0 = Release|Any CPU
		{1AD34CC1-818D-4A34-AC10-0E6F71D98DBE}.Release|ARM.Deploy.0 = Release|Any CPU
		{1AD34CC1-818D-4A34-AC10-0E6F71D98DBE}.Release|iPhone.ActiveCfg = Release|Any CPU
		{1AD34CC1-818D-4A34-AC10-0E6F71D98DBE}.Release|iPhone.Build.0 = Release|Any CPU
		{1AD34CC1-818D-4A34-AC10-0E6F71D98DBE}.Release|iPhone.Deploy.0 = Release|Any CPU
		{1AD34CC1-818D-4A34-AC10-0E6F71D98DBE}.Release|iPhoneSimulator.ActiveCfg = Release|Any CPU
		{1AD34CC1-818D-4A34-AC10-0E6F71D98DBE}.Release|iPhoneSimulator.Build.0 = Release|Any CPU
		{1AD34CC1-818D-4A34-AC10-0E6F71D98DBE}.Release|iPhoneSimulator.Deploy.0 = Release|Any CPU
		{1AD34CC1-818D-4A34-AC10-0E6F71D98DBE}.Release|x64.ActiveCfg = Release|Any CPU
		{1AD34CC1-818D-4A34-AC10-0E6F71D98DBE}.Release|x64.Build.0 = Release|Any CPU
		{1AD34CC1-818D-4A34-AC10-0E6F71D98DBE}.Release|x64.Deploy.0 = Release|Any CPU
		{1AD34CC1-818D-4A34-AC10-0E6F71D98DBE}.Release|x86.ActiveCfg = Release|Any CPU
		{1AD34CC1-818D-4A34-AC10-0E6F71D98DBE}.Release|x86.Build.0 = Release|Any CPU
		{1AD34CC1-818D-4A34-AC10-0E6F71D98DBE}.Release|x86.Deploy.0 = Release|Any CPU
	EndGlobalSection
	GlobalSection(SolutionProperties) = preSolution
		HideSolutionNode = FALSE
	EndGlobalSection
	GlobalSection(ExtensibilityGlobals) = postSolution
		SolutionGuid = {BBF66579-44C6-44C8-B499-90B3E132C691}
	EndGlobalSection
EndGlobal
